[[package]]
name = "atomicwrites"
version = "1.4.0"
description = "Atomic file writes."
category = "main"
optional = false
python-versions = ">=2.7, !=3.0.*, !=3.1.*, !=3.2.*, !=3.3.*"

[[package]]
name = "attrs"
version = "21.4.0"
description = "Classes Without Boilerplate"
category = "main"
optional = false
python-versions = ">=2.7, !=3.0.*, !=3.1.*, !=3.2.*, !=3.3.*, !=3.4.*"

[package.extras]
dev = ["coverage[toml] (>=5.0.2)", "hypothesis", "pympler", "pytest (>=4.3.0)", "six", "mypy", "pytest-mypy-plugins", "zope.interface", "furo", "sphinx", "sphinx-notfound-page", "pre-commit", "cloudpickle"]
docs = ["furo", "sphinx", "zope.interface", "sphinx-notfound-page"]
tests = ["coverage[toml] (>=5.0.2)", "hypothesis", "pympler", "pytest (>=4.3.0)", "six", "mypy", "pytest-mypy-plugins", "zope.interface", "cloudpickle"]
tests_no_zope = ["coverage[toml] (>=5.0.2)", "hypothesis", "pympler", "pytest (>=4.3.0)", "six", "mypy", "pytest-mypy-plugins", "cloudpickle"]

[[package]]
name = "bitarray"
version = "2.4.0"
description = "efficient arrays of booleans -- C extension"
category = "main"
optional = false
python-versions = "*"

[[package]]
name = "cached-property"
version = "1.5.2"
description = "A decorator for caching properties in classes."
category = "main"
optional = false
python-versions = "*"

[[package]]
name = "colorama"
version = "0.4.4"
description = "Cross-platform colored terminal text."
category = "main"
optional = false
python-versions = ">=2.7, !=3.0.*, !=3.1.*, !=3.2.*, !=3.3.*, !=3.4.*"

[[package]]
name = "cycler"
version = "0.11.0"
description = "Composable style cycles"
category = "main"
optional = false
python-versions = ">=3.6"

[[package]]
name = "h5py"
version = "3.1.0"
description = "Read and write HDF5 files from Python"
category = "main"
optional = false
python-versions = ">=3.6"

[package.dependencies]
cached-property = {version = "*", markers = "python_version < \"3.8\""}
numpy = [
    {version = ">=1.12", markers = "python_version == \"3.6\""},
    {version = ">=1.14.5", markers = "python_version == \"3.7\""},
    {version = ">=1.17.5", markers = "python_version == \"3.8\""},
    {version = ">=1.19.3", markers = "python_version >= \"3.9\""},
]

[[package]]
name = "importlib-metadata"
version = "4.8.3"
description = "Read metadata from Python packages"
category = "main"
optional = false
python-versions = ">=3.6"

[package.dependencies]
typing-extensions = {version = ">=3.6.4", markers = "python_version < \"3.8\""}
zipp = ">=0.5"

[package.extras]
docs = ["sphinx", "jaraco.packaging (>=8.2)", "rst.linker (>=1.9)"]
perf = ["ipython"]
testing = ["pytest (>=6)", "pytest-checkdocs (>=2.4)", "pytest-flake8", "pytest-cov", "pytest-enabler (>=1.0.1)", "packaging", "pep517", "pyfakefs", "flufl.flake8", "pytest-perf (>=0.9.2)", "pytest-black (>=0.3.7)", "pytest-mypy", "importlib-resources (>=1.3)"]

[[package]]
name = "iniconfig"
version = "1.1.1"
description = "iniconfig: brain-dead simple config-ini parsing"
category = "main"
optional = false
python-versions = "*"

[[package]]
name = "kiwisolver"
version = "1.3.1"
description = "A fast implementation of the Cassowary constraint solver"
category = "main"
optional = false
python-versions = ">=3.6"

[[package]]
name = "matplotlib"
version = "3.3.4"
description = "Python plotting package"
category = "main"
optional = false
python-versions = ">=3.6"

[package.dependencies]
cycler = ">=0.10"
kiwisolver = ">=1.0.1"
numpy = ">=1.15"
pillow = ">=6.2.0"
pyparsing = ">=2.0.3,<2.0.4 || >2.0.4,<2.1.2 || >2.1.2,<2.1.6 || >2.1.6"
python-dateutil = ">=2.1"

[[package]]
name = "numpy"
version = "1.19.5"
description = "NumPy is the fundamental package for array computing with Python."
category = "main"
optional = false
python-versions = ">=3.6"

[[package]]
name = "packaging"
version = "21.3"
description = "Core utilities for Python packages"
category = "main"
optional = false
python-versions = ">=3.6"

[package.dependencies]
pyparsing = ">=2.0.2,<3.0.5 || >3.0.5"

[[package]]
name = "pillow"
version = "8.4.0"
description = "Python Imaging Library (Fork)"
category = "main"
optional = false
python-versions = ">=3.6"

[[package]]
name = "pluggy"
version = "1.0.0"
description = "plugin and hook calling mechanisms for python"
category = "main"
optional = false
python-versions = ">=3.6"

[package.dependencies]
importlib-metadata = {version = ">=0.12", markers = "python_version < \"3.8\""}

[package.extras]
dev = ["pre-commit", "tox"]
testing = ["pytest", "pytest-benchmark"]

[[package]]
name = "py"
version = "1.11.0"
description = "library with cross-python path, ini-parsing, io, code, log facilities"
category = "main"
optional = false
python-versions = ">=2.7, !=3.0.*, !=3.1.*, !=3.2.*, !=3.3.*, !=3.4.*"

[[package]]
name = "pyparsing"
version = "3.0.7"
description = "Python parsing module"
category = "main"
optional = false
python-versions = ">=3.6"

[package.extras]
diagrams = ["jinja2", "railroad-diagrams"]

[[package]]
name = "pysam"
version = "0.18.0"
description = "pysam"
category = "main"
optional = false
python-versions = "*"

[[package]]
name = "pytabix"
version = "0.1"
description = "Python interface for tabix"
category = "main"
optional = false
python-versions = "*"

[[package]]
name = "pytest"
version = "7.0.1"
description = "pytest: simple powerful testing with Python"
category = "main"
optional = false
python-versions = ">=3.6"

[package.dependencies]
atomicwrites = {version = ">=1.0", markers = "sys_platform == \"win32\""}
attrs = ">=19.2.0"
colorama = {version = "*", markers = "sys_platform == \"win32\""}
importlib-metadata = {version = ">=0.12", markers = "python_version < \"3.8\""}
iniconfig = "*"
packaging = "*"
pluggy = ">=0.12,<2.0"
py = ">=1.8.2"
tomli = ">=1.0.0"

[package.extras]
testing = ["argcomplete", "hypothesis (>=3.56)", "mock", "nose", "pygments (>=2.7.2)", "requests", "xmlschema"]

[[package]]
name = "python-dateutil"
version = "2.8.2"
description = "Extensions to the standard Python datetime module"
category = "main"
optional = false
python-versions = "!=3.0.*,!=3.1.*,!=3.2.*,>=2.7"

[package.dependencies]
six = ">=1.5"

[[package]]
name = "six"
version = "1.16.0"
description = "Python 2 and 3 compatibility utilities"
category = "main"
optional = false
python-versions = ">=2.7, !=3.0.*, !=3.1.*, !=3.2.*"

[[package]]
name = "tomli"
version = "1.2.3"
description = "A lil' TOML parser"
category = "main"
optional = false
python-versions = ">=3.6"

[[package]]
name = "typing-extensions"
version = "4.1.1"
description = "Backported and Experimental Type Hints for Python 3.6+"
category = "main"
optional = false
python-versions = ">=3.6"

[[package]]
name = "zipp"
version = "3.6.0"
description = "Backport of pathlib-compatible object wrapper for zip files"
category = "main"
optional = false
python-versions = ">=3.6"

[package.extras]
docs = ["sphinx", "jaraco.packaging (>=8.2)", "rst.linker (>=1.9)"]
testing = ["pytest (>=4.6)", "pytest-checkdocs (>=2.4)", "pytest-flake8", "pytest-cov", "pytest-enabler (>=1.0.1)", "jaraco.itertools", "func-timeout", "pytest-black (>=0.3.7)", "pytest-mypy"]

[metadata]
lock-version = "1.1"
python-versions = "^3.6"
content-hash = "014cb39b961033980d0624e14d4ee1922e18f509cdfce986a6036b96522bca63"

[metadata.files]
atomicwrites = [
    {file = "atomicwrites-1.4.0-py2.py3-none-any.whl", hash = "sha256:6d1784dea7c0c8d4a5172b6c620f40b6e4cbfdf96d783691f2e1302a7b88e197"},
    {file = "atomicwrites-1.4.0.tar.gz", hash = "sha256:ae70396ad1a434f9c7046fd2dd196fc04b12f9e91ffb859164193be8b6168a7a"},
]
attrs = [
    {file = "attrs-21.4.0-py2.py3-none-any.whl", hash = "sha256:2d27e3784d7a565d36ab851fe94887c5eccd6a463168875832a1be79c82828b4"},
    {file = "attrs-21.4.0.tar.gz", hash = "sha256:626ba8234211db98e869df76230a137c4c40a12d72445c45d5f5b716f076e2fd"},
]
bitarray = [
    {file = "bitarray-2.4.0-cp310-cp310-macosx_10_9_universal2.whl", hash = "sha256:622cba41852ac2b45ba00e37f27c0e6d0b026fafe945f658529bd9691926de2d"},
    {file = "bitarray-2.4.0-cp310-cp310-macosx_10_9_x86_64.whl", hash = "sha256:f06bc7e8f60e20faa7793bb6e193a03c166c450b1718cb55b9d42651bf7b2359"},
    {file = "bitarray-2.4.0-cp310-cp310-macosx_11_0_arm64.whl", hash = "sha256:fa9680d9f6ac5b80e85ad1e5186b623a9a6a7805133b969a5d211f33414d514b"},
    {file = "bitarray-2.4.0-cp310-cp310-manylinux_2_17_aarch64.manylinux2014_aarch64.whl", hash = "sha256:1db8ab39885d808a246c91b67bad09fbf04b83f403319c8960c50331ae7e80e2"},
    {file = "bitarray-2.4.0-cp310-cp310-manylinux_2_17_ppc64le.manylinux2014_ppc64le.whl", hash = "sha256:798f3a2d02f8c6312067854c4271782ab116b4202a9f9b1f3e8957a07dfebe3d"},
    {file = "bitarray-2.4.0-cp310-cp310-manylinux_2_17_s390x.manylinux2014_s390x.whl", hash = "sha256:7d4b230e841c7ce01773bb2ed00a3b52f02d96044e3b23773988b8f06a275a21"},
    {file = "bitarray-2.4.0-cp310-cp310-manylinux_2_17_x86_64.manylinux2014_x86_64.whl", hash = "sha256:5dee77dcb76351f6b98029617821957992c8b0a54546267ec01b870f77671cd9"},
    {file = "bitarray-2.4.0-cp310-cp310-manylinux_2_5_i686.manylinux1_i686.manylinux_2_17_i686.manylinux2014_i686.whl", hash = "sha256:5da1d896059ae6359081c892fe0137168f11542d202234f1fdc39f396f9156ca"},
    {file = "bitarray-2.4.0-cp310-cp310-musllinux_1_1_aarch64.whl", hash = "sha256:580652c50c47f26f292e0ccef3eda3d4f881c4efe65d37ae294ae00f242b0210"},
    {file = "bitarray-2.4.0-cp310-cp310-musllinux_1_1_i686.whl", hash = "sha256:25f1b20af8ccc9514529b6bfda0c530e12dd2a5d031b98932480de45b441b71b"},
    {file = "bitarray-2.4.0-cp310-cp310-musllinux_1_1_ppc64le.whl", hash = "sha256:7319f356b16bca8967a160ee5763315ad8e534728bd1c038ec3aade2a081d04a"},
    {file = "bitarray-2.4.0-cp310-cp310-musllinux_1_1_s390x.whl", hash = "sha256:2320e9df1f18be17ab622241e5119fef462e1e8ae4f6ed16b198f40d94a204b7"},
    {file = "bitarray-2.4.0-cp310-cp310-musllinux_1_1_x86_64.whl", hash = "sha256:d13af724b132047effbf4fb24832df8ed814a1b9e8154e12fd9e9317efb9130f"},
    {file = "bitarray-2.4.0-cp310-cp310-win32.whl", hash = "sha256:44f6d9b01997b9aea86b4512144fc4bed584a9990c7d68180563bbd5a6e87e19"},
    {file = "bitarray-2.4.0-cp310-cp310-win_amd64.whl", hash = "sha256:8971f2119fdda4ca6e016f7aebeea6609c2aecba78e61d16558bf3655269e9f5"},
    {file = "bitarray-2.4.0-cp36-cp36m-macosx_10_9_x86_64.whl", hash = "sha256:a188b6b96f5ce2f47d244c559b91533eb867a88b163d7db75e332999ce201721"},
    {file = "bitarray-2.4.0-cp36-cp36m-manylinux_2_17_aarch64.manylinux2014_aarch64.whl", hash = "sha256:00139dde844eff39f1d0e2bebe2b39fad50a2c98e3c708f754a67a89b8e9af51"},
    {file = "bitarray-2.4.0-cp36-cp36m-manylinux_2_17_ppc64le.manylinux2014_ppc64le.whl", hash = "sha256:a9a2311ceb24373803da7a777dd9d27d66333fcfe9f9cf196521fc87b923a345"},
    {file = "bitarray-2.4.0-cp36-cp36m-manylinux_2_17_s390x.manylinux2014_s390x.whl", hash = "sha256:9e3514e421b6e68fbf8f7d6431c828c3d8c02b0ab6bbda57757fae0bff0b141b"},
    {file = "bitarray-2.4.0-cp36-cp36m-manylinux_2_17_x86_64.manylinux2014_x86_64.whl", hash = "sha256:af960220b37b2fad796c821c03a276d814ff6fd91dc92df7d7f82188ac9242dd"},
    {file = "bitarray-2.4.0-cp36-cp36m-manylinux_2_5_i686.manylinux1_i686.manylinux_2_17_i686.manylinux2014_i686.whl", hash = "sha256:1ecdd720a793b700d7b792da564eb79c4d65fb2c9d32fbcce3599bb6f25c9111"},
    {file = "bitarray-2.4.0-cp36-cp36m-musllinux_1_1_aarch64.whl", hash = "sha256:b78bc76677f8defe140266635e4df36087c8f437d686f60e80ba357f79a73d23"},
    {file = "bitarray-2.4.0-cp36-cp36m-musllinux_1_1_i686.whl", hash = "sha256:07deb7e14712b959c9229360d1e732112b3f485d5b9571b6403c7067648d8d2a"},
    {file = "bitarray-2.4.0-cp36-cp36m-musllinux_1_1_ppc64le.whl", hash = "sha256:aa6de7b78a8355a12a5ed4df0462fcec544c0ddbcd4163652f56a64d86c1c627"},
    {file = "bitarray-2.4.0-cp36-cp36m-musllinux_1_1_s390x.whl", hash = "sha256:8797925c39dd375efab62c4f0eb900e2d84e50ee64085776fbbfdffdf8c5942d"},
    {file = "bitarray-2.4.0-cp36-cp36m-musllinux_1_1_x86_64.whl", hash = "sha256:16595c2ce0f8eb4519d2d18da67cd8e722f3347f73188c59dca5e08475e645ee"},
    {file = "bitarray-2.4.0-cp36-cp36m-win32.whl", hash = "sha256:f146e4c7d1a78c37c59fd93f9070e3f743ec9ff3fa40ce5a79f5cc2864668416"},
    {file = "bitarray-2.4.0-cp36-cp36m-win_amd64.whl", hash = "sha256:69ca31f6fc6414b578999a5bb8c4cec0154ce9aacf4ca0ccd47518eb78b6f2e8"},
    {file = "bitarray-2.4.0-cp37-cp37m-macosx_10_9_x86_64.whl", hash = "sha256:3c3fdef30a61fbadb294a5d476d9ec1842cf853ae1b57adcf17fac37983fbd44"},
    {file = "bitarray-2.4.0-cp37-cp37m-manylinux_2_17_aarch64.manylinux2014_aarch64.whl", hash = "sha256:19647f6ee807d582d6d6e53256013de322d4ba421d687d7c526ef9595f6770d9"},
    {file = "bitarray-2.4.0-cp37-cp37m-manylinux_2_17_ppc64le.manylinux2014_ppc64le.whl", hash = "sha256:d94a7f6da90f06bf59e3c502cbd0d4c11f85f5056541b7fb115ac71f87ac01b4"},
    {file = "bitarray-2.4.0-cp37-cp37m-manylinux_2_17_s390x.manylinux2014_s390x.whl", hash = "sha256:1d0c86f8bfae0f97e27024d0c43f7440367d8ccccedb8dd14fef8149d034334f"},
    {file = "bitarray-2.4.0-cp37-cp37m-manylinux_2_17_x86_64.manylinux2014_x86_64.whl", hash = "sha256:86dfa60cc8ebfd0d466174d639012a94407875432f1c2ce363f56d1729df5d55"},
    {file = "bitarray-2.4.0-cp37-cp37m-manylinux_2_5_i686.manylinux1_i686.manylinux_2_17_i686.manylinux2014_i686.whl", hash = "sha256:225379433233eb378d81be0efd2e7e586d8c29c8a502c16d360dd82e57017b86"},
    {file = "bitarray-2.4.0-cp37-cp37m-musllinux_1_1_aarch64.whl", hash = "sha256:a1ccfd841e11264982ba61eb904477bf360b6a1d3bf71961a7a72c533e643b94"},
    {file = "bitarray-2.4.0-cp37-cp37m-musllinux_1_1_i686.whl", hash = "sha256:24931c1c18346b942b2cb8f345b9e869f4bd6609eb77340fd52da827ae41f4a6"},
    {file = "bitarray-2.4.0-cp37-cp37m-musllinux_1_1_ppc64le.whl", hash = "sha256:3e3c9873048430bc2f2713c147d569b0f88829179747488783c25eb7b79b02c1"},
    {file = "bitarray-2.4.0-cp37-cp37m-musllinux_1_1_s390x.whl", hash = "sha256:8e3a3611710ba89b000075b70b87c88cad7a279333615710d9cc31735a4171e1"},
    {file = "bitarray-2.4.0-cp37-cp37m-musllinux_1_1_x86_64.whl", hash = "sha256:78d6628070658e50720ad0b2619cdc84c12c0e94910e8a5a21ffd64398551a9f"},
    {file = "bitarray-2.4.0-cp37-cp37m-win32.whl", hash = "sha256:aa80fa8f5e9fe2fb85abcd28669ba168ecc0d4fff527ea28a6fdcd66cd29e805"},
    {file = "bitarray-2.4.0-cp37-cp37m-win_amd64.whl", hash = "sha256:c2a130a29bcf4cd6f95df55fa3e14150db22aed8191dea2e5fff4361e0e8c414"},
    {file = "bitarray-2.4.0-cp38-cp38-macosx_10_9_universal2.whl", hash = "sha256:0e9ba57e95db79ddb1fe56f14e7c0519be6c19f331a02782341c35fc6214bdab"},
    {file = "bitarray-2.4.0-cp38-cp38-macosx_10_9_x86_64.whl", hash = "sha256:275a7e07b6f00052439b6c633d4d5fcabaecea3d1d0eebac45eba32205b37f20"},
    {file = "bitarray-2.4.0-cp38-cp38-macosx_11_0_arm64.whl", hash = "sha256:82ea5061156421be128e4c8885479abca434524f64e424784810e8b2cd33e66e"},
    {file = "bitarray-2.4.0-cp38-cp38-manylinux_2_17_aarch64.manylinux2014_aarch64.whl", hash = "sha256:81513e1368e3d86900a3b7f6c505c3c4117574ca9fd38bff450df382ca3715d4"},
    {file = "bitarray-2.4.0-cp38-cp38-manylinux_2_17_ppc64le.manylinux2014_ppc64le.whl", hash = "sha256:9f75d730dcff31666e692a7896de51de9edabb2c46d51b23e5fd1260da8656ea"},
    {file = "bitarray-2.4.0-cp38-cp38-manylinux_2_17_s390x.manylinux2014_s390x.whl", hash = "sha256:17a195912106b6e09151a9e1707d6a9b9aedd9241bd14d3135d66e4e15468708"},
    {file = "bitarray-2.4.0-cp38-cp38-manylinux_2_17_x86_64.manylinux2014_x86_64.whl", hash = "sha256:3c68b5655040ff5cde53e06bdb7b5c4d0884b31a2649e72780ab691b72beff82"},
    {file = "bitarray-2.4.0-cp38-cp38-manylinux_2_5_i686.manylinux1_i686.manylinux_2_17_i686.manylinux2014_i686.whl", hash = "sha256:593cb155067156c80b2a93e645e8139737fe4b029dfd696a3fb63b464971e3a9"},
    {file = "bitarray-2.4.0-cp38-cp38-musllinux_1_1_aarch64.whl", hash = "sha256:c058d8a40c2f0873134347be01b252d8366d72ce0fa6341da4b4bb7669459c10"},
    {file = "bitarray-2.4.0-cp38-cp38-musllinux_1_1_i686.whl", hash = "sha256:10c90fa0df678173b4197f0a28df6840e3d70649d3b4d7741fff6746f363f0d2"},
    {file = "bitarray-2.4.0-cp38-cp38-musllinux_1_1_ppc64le.whl", hash = "sha256:a9d330a174bf083edf533d76038c89c5d2ac46977153de705d2b591e789e0f72"},
    {file = "bitarray-2.4.0-cp38-cp38-musllinux_1_1_s390x.whl", hash = "sha256:b289d23ad66ddb30deb65d667e1113f47c5da7cd5790b050c364a5ed284d8663"},
    {file = "bitarray-2.4.0-cp38-cp38-musllinux_1_1_x86_64.whl", hash = "sha256:84e6e8c36915a9573995c0c7ca7f3e355935ead8fbd0de3cbda31699c1eeaba1"},
    {file = "bitarray-2.4.0-cp38-cp38-win32.whl", hash = "sha256:073517a9ae018dff914566999e548b45eb3c862e4648290def572aec839a20c5"},
    {file = "bitarray-2.4.0-cp38-cp38-win_amd64.whl", hash = "sha256:99481a1aed36645eb33b25155f3240d2c4e7517f12fdfed94ec1c90db43c50d0"},
    {file = "bitarray-2.4.0-cp39-cp39-macosx_10_9_universal2.whl", hash = "sha256:102aec9e2d99a1849900b72f82fcb2fc011ba9c6d3b73a3319e60809fae13485"},
    {file = "bitarray-2.4.0-cp39-cp39-macosx_10_9_x86_64.whl", hash = "sha256:cf8e488c8465252becd24966ee0b0e1b483db1d44b5d3e00e3c6fbe5da52f633"},
    {file = "bitarray-2.4.0-cp39-cp39-macosx_11_0_arm64.whl", hash = "sha256:5ccb1d7ef2fbc03358681eaca997e21a8e356b8126b49aa6e56b1e0ee5f8ba24"},
    {file = "bitarray-2.4.0-cp39-cp39-manylinux_2_17_aarch64.manylinux2014_aarch64.whl", hash = "sha256:f1d76a5f142f6f83b69ce1d4ad41142a7587e28650500421c6aa124d5bf6aa49"},
    {file = "bitarray-2.4.0-cp39-cp39-manylinux_2_17_ppc64le.manylinux2014_ppc64le.whl", hash = "sha256:db36dccd9e98614b61deb0d66f6729be5a5d12f6668cc589aaaf2c5cc01b707a"},
    {file = "bitarray-2.4.0-cp39-cp39-manylinux_2_17_s390x.manylinux2014_s390x.whl", hash = "sha256:7538ce744f80b807340e122e5fac7e4418f53d137d2a4cc2955cf02a032ee658"},
    {file = "bitarray-2.4.0-cp39-cp39-manylinux_2_17_x86_64.manylinux2014_x86_64.whl", hash = "sha256:11f463cade058ea819662d2691d4565672de7de0061ff3e466cdef27a452023e"},
    {file = "bitarray-2.4.0-cp39-cp39-manylinux_2_5_i686.manylinux1_i686.manylinux_2_17_i686.manylinux2014_i686.whl", hash = "sha256:cb0ad310cb9e9485cca7c6e79b7f39db0a158eecbc106bb36978830322a2cef8"},
    {file = "bitarray-2.4.0-cp39-cp39-musllinux_1_1_aarch64.whl", hash = "sha256:b6a27e29d3a9a29faf898b8c9c9f5f61c0a55c662f6a520ddfd001321fb45d3d"},
    {file = "bitarray-2.4.0-cp39-cp39-musllinux_1_1_i686.whl", hash = "sha256:d43f0e33250d12dfbbccb4e7384201fb02f01585338caa68db6c8d6aa8a6b6ac"},
    {file = "bitarray-2.4.0-cp39-cp39-musllinux_1_1_ppc64le.whl", hash = "sha256:066d576dab4479980fe237a68846ef0d4da51875ceeb315f4ea24e48bee10e54"},
    {file = "bitarray-2.4.0-cp39-cp39-musllinux_1_1_s390x.whl", hash = "sha256:b7cb8b511a83292a90f444c137d746425a8ed743c956ccab0d12ea8ffab36e2b"},
    {file = "bitarray-2.4.0-cp39-cp39-musllinux_1_1_x86_64.whl", hash = "sha256:4c9654af4aab4a7f5ed29524d126b7786850bfe373fdb51acb580d3d97bfbcd4"},
    {file = "bitarray-2.4.0-cp39-cp39-win32.whl", hash = "sha256:bda2b19718c594ae2f8ce5473a06ded054ca33edc16a40fad9f59eb3fb93d446"},
    {file = "bitarray-2.4.0-cp39-cp39-win_amd64.whl", hash = "sha256:d5fd98ad20dafd28582ee3e13d219d9e2e2e014582a0b3caecb4a5b08bbe58c6"},
    {file = "bitarray-2.4.0.tar.gz", hash = "sha256:f1203e902d51df31917d77eeba9c3fe78d032873a2ad78c737e26420f0080e58"},
]
cached-property = [
    {file = "cached-property-1.5.2.tar.gz", hash = "sha256:9fa5755838eecbb2d234c3aa390bd80fbd3ac6b6869109bfc1b499f7bd89a130"},
    {file = "cached_property-1.5.2-py2.py3-none-any.whl", hash = "sha256:df4f613cf7ad9a588cc381aaf4a512d26265ecebd5eb9e1ba12f1319eb85a6a0"},
]
colorama = [
    {file = "colorama-0.4.4-py2.py3-none-any.whl", hash = "sha256:9f47eda37229f68eee03b24b9748937c7dc3868f906e8ba69fbcbdd3bc5dc3e2"},
    {file = "colorama-0.4.4.tar.gz", hash = "sha256:5941b2b48a20143d2267e95b1c2a7603ce057ee39fd88e7329b0c292aa16869b"},
]
cycler = [
    {file = "cycler-0.11.0-py3-none-any.whl", hash = "sha256:3a27e95f763a428a739d2add979fa7494c912a32c17c4c38c4d5f082cad165a3"},
    {file = "cycler-0.11.0.tar.gz", hash = "sha256:9c87405839a19696e837b3b818fed3f5f69f16f1eec1a1ad77e043dcea9c772f"},
]
h5py = [
    {file = "h5py-3.1.0-cp36-cp36m-macosx_10_9_x86_64.whl", hash = "sha256:1cd367f89a5441236bdbb795e9fb9a9e3424929c00b4a54254ca760437f83d69"},
    {file = "h5py-3.1.0-cp36-cp36m-manylinux1_x86_64.whl", hash = "sha256:fea05349f63625a8fb808e57e42bb4c76930cf5d50ac58b678c52f913a48a89b"},
    {file = "h5py-3.1.0-cp36-cp36m-win_amd64.whl", hash = "sha256:2e37352ddfcf9d77a2a47f7c8f7e125c6d20cc06c2995edeb7be222d4e152636"},
    {file = "h5py-3.1.0-cp37-cp37m-macosx_10_9_x86_64.whl", hash = "sha256:e33f61d3eb862614c0f273a1f993a64dc2f093e1a3094932c50ada9d2db2170f"},
    {file = "h5py-3.1.0-cp37-cp37m-manylinux1_x86_64.whl", hash = "sha256:236ac8d943be30b617ab615c3d4a4bf4a438add2be87e54af3687ab721a18fac"},
    {file = "h5py-3.1.0-cp37-cp37m-win_amd64.whl", hash = "sha256:02c391fdb980762a1cc03a4bcaecd03dc463994a9a63a02264830114a96e111f"},
    {file = "h5py-3.1.0-cp38-cp38-macosx_10_9_x86_64.whl", hash = "sha256:f89a3dae38843ffa49d17a31a3509a8129e9b46ece602a0138e1ed79e685c361"},
    {file = "h5py-3.1.0-cp38-cp38-manylinux1_x86_64.whl", hash = "sha256:ba71f6229d2013fbb606476ecc29c6223fc16b244d35fcd8566ad9dbaf910857"},
    {file = "h5py-3.1.0-cp38-cp38-win_amd64.whl", hash = "sha256:dccb89358bc84abcd711363c3e138f9f4eccfdf866f2139a8e72308328765b2c"},
    {file = "h5py-3.1.0-cp39-cp39-macosx_10_9_x86_64.whl", hash = "sha256:cb74df83709d6d03d11e60b9480812f58da34f194beafa8c8314dbbeeedfe0a6"},
    {file = "h5py-3.1.0-cp39-cp39-manylinux1_x86_64.whl", hash = "sha256:80c623be10479e81b64fa713b7ed4c0bbe9f02e8e7d2a2e5382336087b615ce4"},
    {file = "h5py-3.1.0-cp39-cp39-win_amd64.whl", hash = "sha256:1cdfd1c5449ca1329d152f0b66830e93226ebce4f5e07dd8dc16bfc2b1a49d7b"},
    {file = "h5py-3.1.0.tar.gz", hash = "sha256:1e2516f190652beedcb8c7acfa1c6fa92d99b42331cbef5e5c7ec2d65b0fc3c2"},
]
importlib-metadata = [
    {file = "importlib_metadata-4.8.3-py3-none-any.whl", hash = "sha256:65a9576a5b2d58ca44d133c42a241905cc45e34d2c06fd5ba2bafa221e5d7b5e"},
    {file = "importlib_metadata-4.8.3.tar.gz", hash = "sha256:766abffff765960fcc18003801f7044eb6755ffae4521c8e8ce8e83b9c9b0668"},
]
iniconfig = [
    {file = "iniconfig-1.1.1-py2.py3-none-any.whl", hash = "sha256:011e24c64b7f47f6ebd835bb12a743f2fbe9a26d4cecaa7f53bc4f35ee9da8b3"},
    {file = "iniconfig-1.1.1.tar.gz", hash = "sha256:bc3af051d7d14b2ee5ef9969666def0cd1a000e121eaea580d4a313df4b37f32"},
]
kiwisolver = [
    {file = "kiwisolver-1.3.1-cp36-cp36m-macosx_10_9_x86_64.whl", hash = "sha256:fd34fbbfbc40628200730bc1febe30631347103fc8d3d4fa012c21ab9c11eca9"},
    {file = "kiwisolver-1.3.1-cp36-cp36m-manylinux1_i686.whl", hash = "sha256:d3155d828dec1d43283bd24d3d3e0d9c7c350cdfcc0bd06c0ad1209c1bbc36d0"},
    {file = "kiwisolver-1.3.1-cp36-cp36m-manylinux1_x86_64.whl", hash = "sha256:5a7a7dbff17e66fac9142ae2ecafb719393aaee6a3768c9de2fd425c63b53e21"},
    {file = "kiwisolver-1.3.1-cp36-cp36m-manylinux2014_aarch64.whl", hash = "sha256:f8d6f8db88049a699817fd9178782867bf22283e3813064302ac59f61d95be05"},
    {file = "kiwisolver-1.3.1-cp36-cp36m-manylinux2014_ppc64le.whl", hash = "sha256:5f6ccd3dd0b9739edcf407514016108e2280769c73a85b9e59aa390046dbf08b"},
    {file = "kiwisolver-1.3.1-cp36-cp36m-win32.whl", hash = "sha256:225e2e18f271e0ed8157d7f4518ffbf99b9450fca398d561eb5c4a87d0986dd9"},
    {file = "kiwisolver-1.3.1-cp36-cp36m-win_amd64.whl", hash = "sha256:cf8b574c7b9aa060c62116d4181f3a1a4e821b2ec5cbfe3775809474113748d4"},
    {file = "kiwisolver-1.3.1-cp37-cp37m-macosx_10_9_x86_64.whl", hash = "sha256:232c9e11fd7ac3a470d65cd67e4359eee155ec57e822e5220322d7b2ac84fbf0"},
    {file = "kiwisolver-1.3.1-cp37-cp37m-manylinux1_i686.whl", hash = "sha256:b38694dcdac990a743aa654037ff1188c7a9801ac3ccc548d3341014bc5ca278"},
    {file = "kiwisolver-1.3.1-cp37-cp37m-manylinux1_x86_64.whl", hash = "sha256:ca3820eb7f7faf7f0aa88de0e54681bddcb46e485beb844fcecbcd1c8bd01689"},
    {file = "kiwisolver-1.3.1-cp37-cp37m-manylinux2014_aarch64.whl", hash = "sha256:c8fd0f1ae9d92b42854b2979024d7597685ce4ada367172ed7c09edf2cef9cb8"},
    {file = "kiwisolver-1.3.1-cp37-cp37m-manylinux2014_ppc64le.whl", hash = "sha256:1e1bc12fb773a7b2ffdeb8380609f4f8064777877b2225dec3da711b421fda31"},
    {file = "kiwisolver-1.3.1-cp37-cp37m-win32.whl", hash = "sha256:72c99e39d005b793fb7d3d4e660aed6b6281b502e8c1eaf8ee8346023c8e03bc"},
    {file = "kiwisolver-1.3.1-cp37-cp37m-win_amd64.whl", hash = "sha256:8be8d84b7d4f2ba4ffff3665bcd0211318aa632395a1a41553250484a871d454"},
    {file = "kiwisolver-1.3.1-cp38-cp38-macosx_10_9_universal2.whl", hash = "sha256:24cc411232d14c8abafbd0dddb83e1a4f54d77770b53db72edcfe1d611b3bf11"},
    {file = "kiwisolver-1.3.1-cp38-cp38-macosx_10_9_x86_64.whl", hash = "sha256:31dfd2ac56edc0ff9ac295193eeaea1c0c923c0355bf948fbd99ed6018010b72"},
    {file = "kiwisolver-1.3.1-cp38-cp38-macosx_11_0_arm64.whl", hash = "sha256:ef6eefcf3944e75508cdfa513c06cf80bafd7d179e14c1334ebdca9ebb8c2c66"},
    {file = "kiwisolver-1.3.1-cp38-cp38-manylinux1_i686.whl", hash = "sha256:563c649cfdef27d081c84e72a03b48ea9408c16657500c312575ae9d9f7bc1c3"},
    {file = "kiwisolver-1.3.1-cp38-cp38-manylinux1_x86_64.whl", hash = "sha256:78751b33595f7f9511952e7e60ce858c6d64db2e062afb325985ddbd34b5c131"},
    {file = "kiwisolver-1.3.1-cp38-cp38-manylinux2014_aarch64.whl", hash = "sha256:a357fd4f15ee49b4a98b44ec23a34a95f1e00292a139d6015c11f55774ef10de"},
    {file = "kiwisolver-1.3.1-cp38-cp38-manylinux2014_ppc64le.whl", hash = "sha256:5989db3b3b34b76c09253deeaf7fbc2707616f130e166996606c284395da3f18"},
    {file = "kiwisolver-1.3.1-cp38-cp38-win32.whl", hash = "sha256:c08e95114951dc2090c4a630c2385bef681cacf12636fb0241accdc6b303fd81"},
    {file = "kiwisolver-1.3.1-cp38-cp38-win_amd64.whl", hash = "sha256:44a62e24d9b01ba94ae7a4a6c3fb215dc4af1dde817e7498d901e229aaf50e4e"},
    {file = "kiwisolver-1.3.1-cp39-cp39-macosx_10_9_universal2.whl", hash = "sha256:6d9d8d9b31aa8c2d80a690693aebd8b5e2b7a45ab065bb78f1609995d2c79240"},
    {file = "kiwisolver-1.3.1-cp39-cp39-macosx_10_9_x86_64.whl", hash = "sha256:50af681a36b2a1dee1d3c169ade9fdc59207d3c31e522519181e12f1b3ba7000"},
    {file = "kiwisolver-1.3.1-cp39-cp39-macosx_11_0_arm64.whl", hash = "sha256:792e69140828babe9649de583e1a03a0f2ff39918a71782c76b3c683a67c6dfd"},
    {file = "kiwisolver-1.3.1-cp39-cp39-manylinux1_i686.whl", hash = "sha256:a53d27d0c2a0ebd07e395e56a1fbdf75ffedc4a05943daf472af163413ce9598"},
    {file = "kiwisolver-1.3.1-cp39-cp39-manylinux1_x86_64.whl", hash = "sha256:834ee27348c4aefc20b479335fd422a2c69db55f7d9ab61721ac8cd83eb78882"},
    {file = "kiwisolver-1.3.1-cp39-cp39-manylinux2014_aarch64.whl", hash = "sha256:5c3e6455341008a054cccee8c5d24481bcfe1acdbc9add30aa95798e95c65621"},
    {file = "kiwisolver-1.3.1-cp39-cp39-manylinux2014_ppc64le.whl", hash = "sha256:acef3d59d47dd85ecf909c359d0fd2c81ed33bdff70216d3956b463e12c38a54"},
    {file = "kiwisolver-1.3.1-cp39-cp39-win32.whl", hash = "sha256:c5518d51a0735b1e6cee1fdce66359f8d2b59c3ca85dc2b0813a8aa86818a030"},
    {file = "kiwisolver-1.3.1-cp39-cp39-win_amd64.whl", hash = "sha256:b9edd0110a77fc321ab090aaa1cfcaba1d8499850a12848b81be2222eab648f6"},
    {file = "kiwisolver-1.3.1-pp36-pypy36_pp73-macosx_10_9_x86_64.whl", hash = "sha256:0cd53f403202159b44528498de18f9285b04482bab2a6fc3f5dd8dbb9352e30d"},
    {file = "kiwisolver-1.3.1-pp36-pypy36_pp73-manylinux2010_x86_64.whl", hash = "sha256:33449715e0101e4d34f64990352bce4095c8bf13bed1b390773fc0a7295967b3"},
    {file = "kiwisolver-1.3.1-pp36-pypy36_pp73-win32.whl", hash = "sha256:401a2e9afa8588589775fe34fc22d918ae839aaaf0c0e96441c0fdbce6d8ebe6"},
    {file = "kiwisolver-1.3.1-pp37-pypy37_pp73-macosx_10_9_x86_64.whl", hash = "sha256:d6563ccd46b645e966b400bb8a95d3457ca6cf3bba1e908f9e0927901dfebeb1"},
    {file = "kiwisolver-1.3.1.tar.gz", hash = "sha256:950a199911a8d94683a6b10321f9345d5a3a8433ec58b217ace979e18f16e248"},
]
matplotlib = [
    {file = "matplotlib-3.3.4-cp36-cp36m-macosx_10_9_x86_64.whl", hash = "sha256:672960dd114e342b7c610bf32fb99d14227f29919894388b41553217457ba7ef"},
    {file = "matplotlib-3.3.4-cp36-cp36m-manylinux1_i686.whl", hash = "sha256:7c155437ae4fd366e2700e2716564d1787700687443de46bcb895fe0f84b761d"},
    {file = "matplotlib-3.3.4-cp36-cp36m-manylinux1_x86_64.whl", hash = "sha256:a17f0a10604fac7627ec82820439e7db611722e80c408a726cd00d8c974c2fb3"},
    {file = "matplotlib-3.3.4-cp36-cp36m-win32.whl", hash = "sha256:215e2a30a2090221a9481db58b770ce56b8ef46f13224ae33afe221b14b24dc1"},
    {file = "matplotlib-3.3.4-cp36-cp36m-win_amd64.whl", hash = "sha256:348e6032f666ffd151b323342f9278b16b95d4a75dfacae84a11d2829a7816ae"},
    {file = "matplotlib-3.3.4-cp37-cp37m-macosx_10_9_x86_64.whl", hash = "sha256:94bdd1d55c20e764d8aea9d471d2ae7a7b2c84445e0fa463f02e20f9730783e1"},
    {file = "matplotlib-3.3.4-cp37-cp37m-manylinux1_i686.whl", hash = "sha256:a1acb72f095f1d58ecc2538ed1b8bca0b57df313b13db36ed34b8cdf1868e674"},
    {file = "matplotlib-3.3.4-cp37-cp37m-manylinux1_x86_64.whl", hash = "sha256:46b1a60a04e6d884f0250d5cc8dc7bd21a9a96c584a7acdaab44698a44710bab"},
    {file = "matplotlib-3.3.4-cp37-cp37m-win32.whl", hash = "sha256:ed4a9e6dcacba56b17a0a9ac22ae2c72a35b7f0ef0693aa68574f0b2df607a89"},
    {file = "matplotlib-3.3.4-cp37-cp37m-win_amd64.whl", hash = "sha256:c24c05f645aef776e8b8931cb81e0f1632d229b42b6d216e30836e2e145a2b40"},
    {file = "matplotlib-3.3.4-cp38-cp38-macosx_10_9_x86_64.whl", hash = "sha256:7310e353a4a35477c7f032409966920197d7df3e757c7624fd842f3eeb307d3d"},
    {file = "matplotlib-3.3.4-cp38-cp38-manylinux1_i686.whl", hash = "sha256:451cc89cb33d6652c509fc6b588dc51c41d7246afdcc29b8624e256b7663ed1f"},
    {file = "matplotlib-3.3.4-cp38-cp38-manylinux1_x86_64.whl", hash = "sha256:3d2eb9c1cc254d0ffa90bc96fde4b6005d09c2228f99dfd493a4219c1af99644"},
    {file = "matplotlib-3.3.4-cp38-cp38-win32.whl", hash = "sha256:e15fa23d844d54e7b3b7243afd53b7567ee71c721f592deb0727ee85e668f96a"},
    {file = "matplotlib-3.3.4-cp38-cp38-win_amd64.whl", hash = "sha256:1de0bb6cbfe460725f0e97b88daa8643bcf9571c18ba90bb8e41432aaeca91d6"},
    {file = "matplotlib-3.3.4-cp39-cp39-macosx_10_9_x86_64.whl", hash = "sha256:f44149a0ef5b4991aaef12a93b8e8d66d6412e762745fea1faa61d98524e0ba9"},
    {file = "matplotlib-3.3.4-cp39-cp39-manylinux1_i686.whl", hash = "sha256:746a1df55749629e26af7f977ea426817ca9370ad1569436608dc48d1069b87c"},
    {file = "matplotlib-3.3.4-cp39-cp39-manylinux1_x86_64.whl", hash = "sha256:5f571b92a536206f7958f7cb2d367ff6c9a1fa8229dc35020006e4cdd1ca0acd"},
    {file = "matplotlib-3.3.4-cp39-cp39-win32.whl", hash = "sha256:9265ae0fb35e29f9b8cc86c2ab0a2e3dcddc4dd9de4b85bf26c0f63fe5c1c2ca"},
    {file = "matplotlib-3.3.4-cp39-cp39-win_amd64.whl", hash = "sha256:9a79e5dd7bb797aa611048f5b70588b23c5be05b63eefd8a0d152ac77c4243db"},
    {file = "matplotlib-3.3.4-pp36-pypy36_pp73-macosx_10_9_x86_64.whl", hash = "sha256:1e850163579a8936eede29fad41e202b25923a0a8d5ffd08ce50fc0a97dcdc93"},
    {file = "matplotlib-3.3.4-pp36-pypy36_pp73-manylinux2010_x86_64.whl", hash = "sha256:d738acfdfb65da34c91acbdb56abed46803db39af259b7f194dc96920360dbe4"},
    {file = "matplotlib-3.3.4-pp37-pypy37_pp73-macosx_10_9_x86_64.whl", hash = "sha256:aa49571d8030ad0b9ac39708ee77bd2a22f87815e12bdee52ecaffece9313ed8"},
    {file = "matplotlib-3.3.4-pp37-pypy37_pp73-manylinux2010_x86_64.whl", hash = "sha256:cf3a7e54eff792f0815dbbe9b85df2f13d739289c93d346925554f71d484be78"},
    {file = "matplotlib-3.3.4.tar.gz", hash = "sha256:3e477db76c22929e4c6876c44f88d790aacdf3c3f8f3a90cb1975c0bf37825b0"},
]
numpy = [
    {file = "numpy-1.19.5-cp36-cp36m-macosx_10_9_x86_64.whl", hash = "sha256:cc6bd4fd593cb261332568485e20a0712883cf631f6f5e8e86a52caa8b2b50ff"},
    {file = "numpy-1.19.5-cp36-cp36m-manylinux1_i686.whl", hash = "sha256:aeb9ed923be74e659984e321f609b9ba54a48354bfd168d21a2b072ed1e833ea"},
    {file = "numpy-1.19.5-cp36-cp36m-manylinux1_x86_64.whl", hash = "sha256:8b5e972b43c8fc27d56550b4120fe6257fdc15f9301914380b27f74856299fea"},
    {file = "numpy-1.19.5-cp36-cp36m-manylinux2010_i686.whl", hash = "sha256:43d4c81d5ffdff6bae58d66a3cd7f54a7acd9a0e7b18d97abb255defc09e3140"},
    {file = "numpy-1.19.5-cp36-cp36m-manylinux2010_x86_64.whl", hash = "sha256:a4646724fba402aa7504cd48b4b50e783296b5e10a524c7a6da62e4a8ac9698d"},
    {file = "numpy-1.19.5-cp36-cp36m-manylinux2014_aarch64.whl", hash = "sha256:2e55195bc1c6b705bfd8ad6f288b38b11b1af32f3c8289d6c50d47f950c12e76"},
    {file = "numpy-1.19.5-cp36-cp36m-win32.whl", hash = "sha256:39b70c19ec771805081578cc936bbe95336798b7edf4732ed102e7a43ec5c07a"},
    {file = "numpy-1.19.5-cp36-cp36m-win_amd64.whl", hash = "sha256:dbd18bcf4889b720ba13a27ec2f2aac1981bd41203b3a3b27ba7a33f88ae4827"},
    {file = "numpy-1.19.5-cp37-cp37m-macosx_10_9_x86_64.whl", hash = "sha256:603aa0706be710eea8884af807b1b3bc9fb2e49b9f4da439e76000f3b3c6ff0f"},
    {file = "numpy-1.19.5-cp37-cp37m-manylinux1_i686.whl", hash = "sha256:cae865b1cae1ec2663d8ea56ef6ff185bad091a5e33ebbadd98de2cfa3fa668f"},
    {file = "numpy-1.19.5-cp37-cp37m-manylinux1_x86_64.whl", hash = "sha256:36674959eed6957e61f11c912f71e78857a8d0604171dfd9ce9ad5cbf41c511c"},
    {file = "numpy-1.19.5-cp37-cp37m-manylinux2010_i686.whl", hash = "sha256:06fab248a088e439402141ea04f0fffb203723148f6ee791e9c75b3e9e82f080"},
    {file = "numpy-1.19.5-cp37-cp37m-manylinux2010_x86_64.whl", hash = "sha256:6149a185cece5ee78d1d196938b2a8f9d09f5a5ebfbba66969302a778d5ddd1d"},
    {file = "numpy-1.19.5-cp37-cp37m-manylinux2014_aarch64.whl", hash = "sha256:50a4a0ad0111cc1b71fa32dedd05fa239f7fb5a43a40663269bb5dc7877cfd28"},
    {file = "numpy-1.19.5-cp37-cp37m-win32.whl", hash = "sha256:d051ec1c64b85ecc69531e1137bb9751c6830772ee5c1c426dbcfe98ef5788d7"},
    {file = "numpy-1.19.5-cp37-cp37m-win_amd64.whl", hash = "sha256:a12ff4c8ddfee61f90a1633a4c4afd3f7bcb32b11c52026c92a12e1325922d0d"},
    {file = "numpy-1.19.5-cp38-cp38-macosx_10_9_x86_64.whl", hash = "sha256:cf2402002d3d9f91c8b01e66fbb436a4ed01c6498fffed0e4c7566da1d40ee1e"},
    {file = "numpy-1.19.5-cp38-cp38-manylinux1_i686.whl", hash = "sha256:1ded4fce9cfaaf24e7a0ab51b7a87be9038ea1ace7f34b841fe3b6894c721d1c"},
    {file = "numpy-1.19.5-cp38-cp38-manylinux1_x86_64.whl", hash = "sha256:012426a41bc9ab63bb158635aecccc7610e3eff5d31d1eb43bc099debc979d94"},
    {file = "numpy-1.19.5-cp38-cp38-manylinux2010_i686.whl", hash = "sha256:759e4095edc3c1b3ac031f34d9459fa781777a93ccc633a472a5468587a190ff"},
    {file = "numpy-1.19.5-cp38-cp38-manylinux2010_x86_64.whl", hash = "sha256:a9d17f2be3b427fbb2bce61e596cf555d6f8a56c222bd2ca148baeeb5e5c783c"},
    {file = "numpy-1.19.5-cp38-cp38-manylinux2014_aarch64.whl", hash = "sha256:99abf4f353c3d1a0c7a5f27699482c987cf663b1eac20db59b8c7b061eabd7fc"},
    {file = "numpy-1.19.5-cp38-cp38-win32.whl", hash = "sha256:384ec0463d1c2671170901994aeb6dce126de0a95ccc3976c43b0038a37329c2"},
    {file = "numpy-1.19.5-cp38-cp38-win_amd64.whl", hash = "sha256:811daee36a58dc79cf3d8bdd4a490e4277d0e4b7d103a001a4e73ddb48e7e6aa"},
    {file = "numpy-1.19.5-cp39-cp39-macosx_10_9_x86_64.whl", hash = "sha256:c843b3f50d1ab7361ca4f0b3639bf691569493a56808a0b0c54a051d260b7dbd"},
    {file = "numpy-1.19.5-cp39-cp39-manylinux1_i686.whl", hash = "sha256:d6631f2e867676b13026e2846180e2c13c1e11289d67da08d71cacb2cd93d4aa"},
    {file = "numpy-1.19.5-cp39-cp39-manylinux1_x86_64.whl", hash = "sha256:7fb43004bce0ca31d8f13a6eb5e943fa73371381e53f7074ed21a4cb786c32f8"},
    {file = "numpy-1.19.5-cp39-cp39-manylinux2010_i686.whl", hash = "sha256:2ea52bd92ab9f768cc64a4c3ef8f4b2580a17af0a5436f6126b08efbd1838371"},
    {file = "numpy-1.19.5-cp39-cp39-manylinux2010_x86_64.whl", hash = "sha256:400580cbd3cff6ffa6293df2278c75aef2d58d8d93d3c5614cd67981dae68ceb"},
    {file = "numpy-1.19.5-cp39-cp39-manylinux2014_aarch64.whl", hash = "sha256:df609c82f18c5b9f6cb97271f03315ff0dbe481a2a02e56aeb1b1a985ce38e60"},
    {file = "numpy-1.19.5-cp39-cp39-win32.whl", hash = "sha256:ab83f24d5c52d60dbc8cd0528759532736b56db58adaa7b5f1f76ad551416a1e"},
    {file = "numpy-1.19.5-cp39-cp39-win_amd64.whl", hash = "sha256:0eef32ca3132a48e43f6a0f5a82cb508f22ce5a3d6f67a8329c81c8e226d3f6e"},
    {file = "numpy-1.19.5-pp36-pypy36_pp73-manylinux2010_x86_64.whl", hash = "sha256:a0d53e51a6cb6f0d9082decb7a4cb6dfb33055308c4c44f53103c073f649af73"},
    {file = "numpy-1.19.5.zip", hash = "sha256:a76f502430dd98d7546e1ea2250a7360c065a5fdea52b2dffe8ae7180909b6f4"},
]
packaging = [
    {file = "packaging-21.3-py3-none-any.whl", hash = "sha256:ef103e05f519cdc783ae24ea4e2e0f508a9c99b2d4969652eed6a2e1ea5bd522"},
    {file = "packaging-21.3.tar.gz", hash = "sha256:dd47c42927d89ab911e606518907cc2d3a1f38bbd026385970643f9c5b8ecfeb"},
]
pillow = [
    {file = "Pillow-8.4.0-cp310-cp310-macosx_10_10_universal2.whl", hash = "sha256:81f8d5c81e483a9442d72d182e1fb6dcb9723f289a57e8030811bac9ea3fef8d"},
    {file = "Pillow-8.4.0-cp310-cp310-macosx_11_0_arm64.whl", hash = "sha256:3f97cfb1e5a392d75dd8b9fd274d205404729923840ca94ca45a0af57e13dbe6"},
    {file = "Pillow-8.4.0-cp310-cp310-manylinux_2_17_aarch64.manylinux2014_aarch64.whl", hash = "sha256:eb9fc393f3c61f9054e1ed26e6fe912c7321af2f41ff49d3f83d05bacf22cc78"},
    {file = "Pillow-8.4.0-cp310-cp310-manylinux_2_17_i686.manylinux2014_i686.whl", hash = "sha256:d82cdb63100ef5eedb8391732375e6d05993b765f72cb34311fab92103314649"},
    {file = "Pillow-8.4.0-cp310-cp310-manylinux_2_17_x86_64.manylinux2014_x86_64.whl", hash = "sha256:62cc1afda735a8d109007164714e73771b499768b9bb5afcbbee9d0ff374b43f"},
    {file = "Pillow-8.4.0-cp310-cp310-win32.whl", hash = "sha256:e3dacecfbeec9a33e932f00c6cd7996e62f53ad46fbe677577394aaa90ee419a"},
    {file = "Pillow-8.4.0-cp310-cp310-win_amd64.whl", hash = "sha256:620582db2a85b2df5f8a82ddeb52116560d7e5e6b055095f04ad828d1b0baa39"},
    {file = "Pillow-8.4.0-cp36-cp36m-macosx_10_10_x86_64.whl", hash = "sha256:1bc723b434fbc4ab50bb68e11e93ce5fb69866ad621e3c2c9bdb0cd70e345f55"},
    {file = "Pillow-8.4.0-cp36-cp36m-manylinux_2_17_aarch64.manylinux2014_aarch64.whl", hash = "sha256:72cbcfd54df6caf85cc35264c77ede902452d6df41166010262374155947460c"},
    {file = "Pillow-8.4.0-cp36-cp36m-manylinux_2_17_i686.manylinux2014_i686.whl", hash = "sha256:70ad9e5c6cb9b8487280a02c0ad8a51581dcbbe8484ce058477692a27c151c0a"},
    {file = "Pillow-8.4.0-cp36-cp36m-manylinux_2_17_x86_64.manylinux2014_x86_64.whl", hash = "sha256:25a49dc2e2f74e65efaa32b153527fc5ac98508d502fa46e74fa4fd678ed6645"},
    {file = "Pillow-8.4.0-cp36-cp36m-win32.whl", hash = "sha256:93ce9e955cc95959df98505e4608ad98281fff037350d8c2671c9aa86bcf10a9"},
    {file = "Pillow-8.4.0-cp36-cp36m-win_amd64.whl", hash = "sha256:2e4440b8f00f504ee4b53fe30f4e381aae30b0568193be305256b1462216feff"},
    {file = "Pillow-8.4.0-cp37-cp37m-macosx_10_10_x86_64.whl", hash = "sha256:8c803ac3c28bbc53763e6825746f05cc407b20e4a69d0122e526a582e3b5e153"},
    {file = "Pillow-8.4.0-cp37-cp37m-manylinux_2_17_aarch64.manylinux2014_aarch64.whl", hash = "sha256:c8a17b5d948f4ceeceb66384727dde11b240736fddeda54ca740b9b8b1556b29"},
    {file = "Pillow-8.4.0-cp37-cp37m-manylinux_2_17_i686.manylinux2014_i686.whl", hash = "sha256:1394a6ad5abc838c5cd8a92c5a07535648cdf6d09e8e2d6df916dfa9ea86ead8"},
    {file = "Pillow-8.4.0-cp37-cp37m-manylinux_2_17_x86_64.manylinux2014_x86_64.whl", hash = "sha256:792e5c12376594bfcb986ebf3855aa4b7c225754e9a9521298e460e92fb4a488"},
    {file = "Pillow-8.4.0-cp37-cp37m-win32.whl", hash = "sha256:d99ec152570e4196772e7a8e4ba5320d2d27bf22fdf11743dd882936ed64305b"},
    {file = "Pillow-8.4.0-cp37-cp37m-win_amd64.whl", hash = "sha256:7b7017b61bbcdd7f6363aeceb881e23c46583739cb69a3ab39cb384f6ec82e5b"},
    {file = "Pillow-8.4.0-cp38-cp38-macosx_10_10_x86_64.whl", hash = "sha256:d89363f02658e253dbd171f7c3716a5d340a24ee82d38aab9183f7fdf0cdca49"},
    {file = "Pillow-8.4.0-cp38-cp38-macosx_11_0_arm64.whl", hash = "sha256:0a0956fdc5defc34462bb1c765ee88d933239f9a94bc37d132004775241a7585"},
    {file = "Pillow-8.4.0-cp38-cp38-manylinux_2_17_aarch64.manylinux2014_aarch64.whl", hash = "sha256:5b7bb9de00197fb4261825c15551adf7605cf14a80badf1761d61e59da347779"},
    {file = "Pillow-8.4.0-cp38-cp38-manylinux_2_17_i686.manylinux2014_i686.whl", hash = "sha256:72b9e656e340447f827885b8d7a15fc8c4e68d410dc2297ef6787eec0f0ea409"},
    {file = "Pillow-8.4.0-cp38-cp38-manylinux_2_17_x86_64.manylinux2014_x86_64.whl", hash = "sha256:a5a4532a12314149d8b4e4ad8ff09dde7427731fcfa5917ff16d0291f13609df"},
    {file = "Pillow-8.4.0-cp38-cp38-win32.whl", hash = "sha256:82aafa8d5eb68c8463b6e9baeb4f19043bb31fefc03eb7b216b51e6a9981ae09"},
    {file = "Pillow-8.4.0-cp38-cp38-win_amd64.whl", hash = "sha256:066f3999cb3b070a95c3652712cffa1a748cd02d60ad7b4e485c3748a04d9d76"},
    {file = "Pillow-8.4.0-cp39-cp39-macosx_10_10_x86_64.whl", hash = "sha256:5503c86916d27c2e101b7f71c2ae2cddba01a2cf55b8395b0255fd33fa4d1f1a"},
    {file = "Pillow-8.4.0-cp39-cp39-macosx_11_0_arm64.whl", hash = "sha256:4acc0985ddf39d1bc969a9220b51d94ed51695d455c228d8ac29fcdb25810e6e"},
    {file = "Pillow-8.4.0-cp39-cp39-manylinux_2_17_aarch64.manylinux2014_aarch64.whl", hash = "sha256:0b052a619a8bfcf26bd8b3f48f45283f9e977890263e4571f2393ed8898d331b"},
    {file = "Pillow-8.4.0-cp39-cp39-manylinux_2_17_i686.manylinux2014_i686.whl", hash = "sha256:493cb4e415f44cd601fcec11c99836f707bb714ab03f5ed46ac25713baf0ff20"},
    {file = "Pillow-8.4.0-cp39-cp39-manylinux_2_17_x86_64.manylinux2014_x86_64.whl", hash = "sha256:b8831cb7332eda5dc89b21a7bce7ef6ad305548820595033a4b03cf3091235ed"},
    {file = "Pillow-8.4.0-cp39-cp39-win32.whl", hash = "sha256:5e9ac5f66616b87d4da618a20ab0a38324dbe88d8a39b55be8964eb520021e02"},
    {file = "Pillow-8.4.0-cp39-cp39-win_amd64.whl", hash = "sha256:3eb1ce5f65908556c2d8685a8f0a6e989d887ec4057326f6c22b24e8a172c66b"},
    {file = "Pillow-8.4.0-pp36-pypy36_pp73-macosx_10_10_x86_64.whl", hash = "sha256:ddc4d832a0f0b4c52fff973a0d44b6c99839a9d016fe4e6a1cb8f3eea96479c2"},
    {file = "Pillow-8.4.0-pp36-pypy36_pp73-manylinux_2_17_i686.manylinux2014_i686.whl", hash = "sha256:9a3e5ddc44c14042f0844b8cf7d2cd455f6cc80fd7f5eefbe657292cf601d9ad"},
    {file = "Pillow-8.4.0-pp36-pypy36_pp73-manylinux_2_17_x86_64.manylinux2014_x86_64.whl", hash = "sha256:c70e94281588ef053ae8998039610dbd71bc509e4acbc77ab59d7d2937b10698"},
    {file = "Pillow-8.4.0-pp37-pypy37_pp73-macosx_10_10_x86_64.whl", hash = "sha256:3862b7256046fcd950618ed22d1d60b842e3a40a48236a5498746f21189afbbc"},
    {file = "Pillow-8.4.0-pp37-pypy37_pp73-manylinux_2_17_i686.manylinux2014_i686.whl", hash = "sha256:a4901622493f88b1a29bd30ec1a2f683782e57c3c16a2dbc7f2595ba01f639df"},
    {file = "Pillow-8.4.0-pp37-pypy37_pp73-manylinux_2_17_x86_64.manylinux2014_x86_64.whl", hash = "sha256:84c471a734240653a0ec91dec0996696eea227eafe72a33bd06c92697728046b"},
    {file = "Pillow-8.4.0-pp37-pypy37_pp73-win_amd64.whl", hash = "sha256:244cf3b97802c34c41905d22810846802a3329ddcb93ccc432870243211c79fc"},
    {file = "Pillow-8.4.0.tar.gz", hash = "sha256:b8e2f83c56e141920c39464b852de3719dfbfb6e3c99a2d8da0edf4fb33176ed"},
]
pluggy = [
    {file = "pluggy-1.0.0-py2.py3-none-any.whl", hash = "sha256:74134bbf457f031a36d68416e1509f34bd5ccc019f0bcc952c7b909d06b37bd3"},
    {file = "pluggy-1.0.0.tar.gz", hash = "sha256:4224373bacce55f955a878bf9cfa763c1e360858e330072059e10bad68531159"},
]
py = [
    {file = "py-1.11.0-py2.py3-none-any.whl", hash = "sha256:607c53218732647dff4acdfcd50cb62615cedf612e72d1724fb1a0cc6405b378"},
    {file = "py-1.11.0.tar.gz", hash = "sha256:51c75c4126074b472f746a24399ad32f6053d1b34b68d2fa41e558e6f4a98719"},
]
pyparsing = [
    {file = "pyparsing-3.0.7-py3-none-any.whl", hash = "sha256:a6c06a88f252e6c322f65faf8f418b16213b51bdfaece0524c1c1bc30c63c484"},
    {file = "pyparsing-3.0.7.tar.gz", hash = "sha256:18ee9022775d270c55187733956460083db60b37d0d0fb357445f3094eed3eea"},
]
pysam = [
    {file = "pysam-0.18.0-cp310-cp310-macosx_10_9_x86_64.whl", hash = "sha256:ef5d8ad01cac8974cd09832c226cbb63a3f7c5bd63727d8e59447021ee16a186"},
    {file = "pysam-0.18.0-cp310-cp310-manylinux_2_12_i686.manylinux2010_i686.whl", hash = "sha256:ca0c9289dfdc5e1a81bccdb8305192cd14cf9730bd21320ceca949fde071a572"},
    {file = "pysam-0.18.0-cp310-cp310-manylinux_2_12_x86_64.manylinux2010_x86_64.whl", hash = "sha256:e13e496da3a432db24f424439834b0ab5f40700a3db6e610d06f8bd639d9fd2d"},
    {file = "pysam-0.18.0-cp36-cp36m-macosx_10_9_x86_64.whl", hash = "sha256:c90341434e7a99439174aa64ca5406f63528be4217d4401fb30ec4ea4629c559"},
    {file = "pysam-0.18.0-cp36-cp36m-manylinux_2_12_i686.manylinux2010_i686.whl", hash = "sha256:a88f875114bd3d8efb7fade80e0640094383ec5043861aa575175fa9a56edf90"},
    {file = "pysam-0.18.0-cp36-cp36m-manylinux_2_12_x86_64.manylinux2010_x86_64.whl", hash = "sha256:7ea2e019294e4bf25e4892b5de69c43f54fb6ac42b681265268aa322e1f36f5b"},
    {file = "pysam-0.18.0-cp37-cp37m-macosx_10_9_x86_64.whl", hash = "sha256:cfb162358c5284b31b2b88b10947e0f1013da2d85ba0fd0b5723dd142c15329e"},
    {file = "pysam-0.18.0-cp37-cp37m-manylinux_2_12_i686.manylinux2010_i686.whl", hash = "sha256:9422c2d0b581c3d24f247c15bb8981569e636003c4d6cad39ccd1bf205a79f2c"},
    {file = "pysam-0.18.0-cp37-cp37m-manylinux_2_12_x86_64.manylinux2010_x86_64.whl", hash = "sha256:cfffad99cf3968cf85aadb70a8a02303f9172ea21abe02d587c44f808c504f52"},
    {file = "pysam-0.18.0-cp38-cp38-macosx_10_9_x86_64.whl", hash = "sha256:7a8a25fceaaa96e5b4c8b0a7fd6bb0b20b6c262dc4cc867c6d1467ac990f1d77"},
    {file = "pysam-0.18.0-cp38-cp38-manylinux_2_12_i686.manylinux2010_i686.whl", hash = "sha256:493988420db16e6ee03393518e4d272df05f0a35780248c08c61da7411e520e7"},
    {file = "pysam-0.18.0-cp38-cp38-manylinux_2_12_x86_64.manylinux2010_x86_64.whl", hash = "sha256:7f6a4ec58ad7995b791a71bf35f673ea794e734c587ea7329fca5cce9c53a7af"},
    {file = "pysam-0.18.0-cp39-cp39-macosx_10_9_x86_64.whl", hash = "sha256:0cfa16f76ed3c3119c7b3c8dfdcba9e010fbcdcf87eaa165351bb369da5a6bf1"},
    {file = "pysam-0.18.0-cp39-cp39-manylinux_2_12_i686.manylinux2010_i686.whl", hash = "sha256:2717509556fecddf7c73966fa62066c6a59a7d39b755d8972afa8d143a1d5aa5"},
    {file = "pysam-0.18.0-cp39-cp39-manylinux_2_12_x86_64.manylinux2010_x86_64.whl", hash = "sha256:f5a23a5dcf32f01c66d44e89113fa8f7522997ea43fbc0f98e5250a907911a5f"},
    {file = "pysam-0.18.0.tar.gz", hash = "sha256:1d6d49a0b3c626fae410a93d4c80583a8b5ddaacc9b46a080b250dbcebd30a59"},
]
pytabix = [
    {file = "pytabix-0.1.tar.gz", hash = "sha256:0774f1687ebd41811fb07a0e50951b6be72d7cc7e22ed2b18972eaf7482eb7d1"},
]
pytest = [
    {file = "pytest-7.0.1-py3-none-any.whl", hash = "sha256:9ce3ff477af913ecf6321fe337b93a2c0dcf2a0a1439c43f5452112c1e4280db"},
    {file = "pytest-7.0.1.tar.gz", hash = "sha256:e30905a0c131d3d94b89624a1cc5afec3e0ba2fbdb151867d8e0ebd49850f171"},
]
python-dateutil = [
    {file = "python-dateutil-2.8.2.tar.gz", hash = "sha256:0123cacc1627ae19ddf3c27a5de5bd67ee4586fbdd6440d9748f8abb483d3e86"},
    {file = "python_dateutil-2.8.2-py2.py3-none-any.whl", hash = "sha256:961d03dc3453ebbc59dbdea9e4e11c5651520a876d0f4db161e8674aae935da9"},
]
six = [
    {file = "six-1.16.0-py2.py3-none-any.whl", hash = "sha256:8abb2f1d86890a2dfb989f9a77cfcfd3e47c2a354b01111771326f8aa26e0254"},
    {file = "six-1.16.0.tar.gz", hash = "sha256:1e61c37477a1626458e36f7b1d82aa5c9b094fa4802892072e49de9c60c4c926"},
]
tomli = [
    {file = "tomli-1.2.3-py3-none-any.whl", hash = "sha256:e3069e4be3ead9668e21cb9b074cd948f7b3113fd9c8bba083f48247aab8b11c"},
    {file = "tomli-1.2.3.tar.gz", hash = "sha256:05b6166bff487dc068d322585c7ea4ef78deed501cc124060e0f238e89a9231f"},
]
typing-extensions = [
    {file = "typing_extensions-4.1.1-py3-none-any.whl", hash = "sha256:21c85e0fe4b9a155d0799430b0ad741cdce7e359660ccbd8b530613e8df88ce2"},
    {file = "typing_extensions-4.1.1.tar.gz", hash = "sha256:1a9462dcc3347a79b1f1c0271fbe79e844580bb598bafa1ed208b94da3cdcd42"},
]
zipp = [
    {file = "zipp-3.6.0-py3-none-any.whl", hash = "sha256:9fe5ea21568a0a70e50f273397638d39b03353731e6cbbb3fd8502a33fec40bc"},
    {file = "zipp-3.6.0.tar.gz", hash = "sha256:71c644c5369f4a6e07636f0aa966270449561fcea2e3d6747b8d23efaa9d7832"},
]
